
Microsoft Visual Studio Solution File, Format Version 12.00
# Visual Studio Version 17
VisualStudioVersion = 17.2.32616.157
MinimumVisualStudioVersion = 10.0.40219.1
Project("{FAE04EC0-301F-11D3-BF4B-00C04F79EFBC}") = "ADOEmployeePayroll", "ADOEmployeePayroll\ADOEmployeePayroll.csproj", "{B6F907F1-7C1D-4F71-809D-A52690673BB7}"
EndProject
Global
	GlobalSection(SolutionConfigurationPlatforms) = preSolution
		Debug|Any CPU = Debug|Any CPU
		Release|Any CPU = Release|Any CPU
	EndGlobalSection
	GlobalSection(ProjectConfigurationPlatforms) = postSolution
		{B6F907F1-7C1D-4F71-809D-A52690673BB7}.Debug|Any CPU.ActiveCfg = Debug|Any CPU
		{B6F907F1-7C1D-4F71-809D-A52690673BB7}.Debug|Any CPU.Build.0 = Debug|Any CPU
		{B6F907F1-7C1D-4F71-809D-A52690673BB7}.Release|Any CPU.ActiveCfg = Release|Any CPU
		{B6F907F1-7C1D-4F71-809D-A52690673BB7}.Release|Any CPU.Build.0 = Release|Any CPU
	EndGlobalSection
	GlobalSection(SolutionProperties) = preSolution
		HideSolutionNode = FALSE
	EndGlobalSection
	GlobalSection(ExtensibilityGlobals) = postSolution
		SolutionGuid = {65F78713-7CFD-4108-944A-AF76C2632F95}
	EndGlobalSection
EndGlobal
